// !$*UTF8*$!
{
	archiveVersion = 1;
	classes = {
	};
	objectVersion = 55;
	objects = {

/* Begin PBXBuildFile section */
		669A9B3F2840CD590042C845 /* AppDelegate.swift in Sources */ = {isa = PBXBuildFile; fileRef = 669A9B3E2840CD590042C845 /* AppDelegate.swift */; };
		669A9B412840CD590042C845 /* SceneDelegate.swift in Sources */ = {isa = PBXBuildFile; fileRef = 669A9B402840CD590042C845 /* SceneDelegate.swift */; };
		669A9B432840CD590042C845 /* ViewController.swift in Sources */ = {isa = PBXBuildFile; fileRef = 669A9B422840CD590042C845 /* ViewController.swift */; };
		669A9B462840CD590042C845 /* Main.storyboard in Resources */ = {isa = PBXBuildFile; fileRef = 669A9B442840CD590042C845 /* Main.storyboard */; };
		669A9B482840CD5A0042C845 /* Assets.xcassets in Resources */ = {isa = PBXBuildFile; fileRef = 669A9B472840CD5A0042C845 /* Assets.xcassets */; };
		669A9B4B2840CD5A0042C845 /* LaunchScreen.storyboard in Resources */ = {isa = PBXBuildFile; fileRef = 669A9B492840CD5A0042C845 /* LaunchScreen.storyboard */; };
		669A9B562840CD5B0042C845 /* mdtTests.swift in Sources */ = {isa = PBXBuildFile; fileRef = 669A9B552840CD5B0042C845 /* mdtTests.swift */; };
		669A9B602840CD5B0042C845 /* mdtUITests.swift in Sources */ = {isa = PBXBuildFile; fileRef = 669A9B5F2840CD5B0042C845 /* mdtUITests.swift */; };
		669A9B622840CD5B0042C845 /* mdtUITestsLaunchTests.swift in Sources */ = {isa = PBXBuildFile; fileRef = 669A9B612840CD5B0042C845 /* mdtUITestsLaunchTests.swift */; };
/* End PBXBuildFile section */

/* Begin PBXContainerItemProxy section */
		669A9B522840CD5B0042C845 /* PBXContainerItemProxy */ = {
			isa = PBXContainerItemProxy;
			containerPortal = 669A9B332840CD590042C845 /* Project object */;
			proxyType = 1;
			remoteGlobalIDString = 669A9B3A2840CD590042C845;
			remoteInfo = mdt;
		};
		669A9B5C2840CD5B0042C845 /* PBXContainerItemProxy */ = {
			isa = PBXContainerItemProxy;
			containerPortal = 669A9B332840CD590042C845 /* Project object */;
			proxyType = 1;
			remoteGlobalIDString = 669A9B3A2840CD590042C845;
			remoteInfo = mdt;
		};
/* End PBXContainerItemProxy section */

/* Begin PBXFileReference section */
		669A9B3B2840CD590042C845 /* mdt.app */ = {isa = PBXFileReference; explicitFileType = wrapper.application; includeInIndex = 0; path = mdt.app; sourceTree = BUILT_PRODUCTS_DIR; };
		669A9B3E2840CD590042C845 /* AppDelegate.swift */ = {isa = PBXFileReference; lastKnownFileType = sourcecode.swift; path = AppDelegate.swift; sourceTree = "<group>"; };
		669A9B402840CD590042C845 /* SceneDelegate.swift */ = {isa = PBXFileReference; lastKnownFileType = sourcecode.swift; path = SceneDelegate.swift; sourceTree = "<group>"; };
		669A9B422840CD590042C845 /* ViewController.swift */ = {isa = PBXFileReference; lastKnownFileType = sourcecode.swift; path = ViewController.swift; sourceTree = "<group>"; };
		669A9B452840CD590042C845 /* Base */ = {isa = PBXFileReference; lastKnownFileType = file.storyboard; name = Base; path = Base.lproj/Main.storyboard; sourceTree = "<group>"; };
		669A9B472840CD5A0042C845 /* Assets.xcassets */ = {isa = PBXFileReference; lastKnownFileType = folder.assetcatalog; path = Assets.xcassets; sourceTree = "<group>"; };
		669A9B4A2840CD5A0042C845 /* Base */ = {isa = PBXFileReference; lastKnownFileType = file.storyboard; name = Base; path = Base.lproj/LaunchScreen.storyboard; sourceTree = "<group>"; };
		669A9B4C2840CD5A0042C845 /* Info.plist */ = {isa = PBXFileReference; lastKnownFileType = text.plist.xml; path = Info.plist; sourceTree = "<group>"; };
		669A9B512840CD5B0042C845 /* mdtTests.xctest */ = {isa = PBXFileReference; explicitFileType = wrapper.cfbundle; includeInIndex = 0; path = mdtTests.xctest; sourceTree = BUILT_PRODUCTS_DIR; };
		669A9B552840CD5B0042C845 /* mdtTests.swift */ = {isa = PBXFileReference; lastKnownFileType = sourcecode.swift; path = mdtTests.swift; sourceTree = "<group>"; };
		669A9B5B2840CD5B0042C845 /* mdtUITests.xctest */ = {isa = PBXFileReference; explicitFileType = wrapper.cfbundle; includeInIndex = 0; path = mdtUITests.xctest; sourceTree = BUILT_PRODUCTS_DIR; };
		669A9B5F2840CD5B0042C845 /* mdtUITests.swift */ = {isa = PBXFileReference; lastKnownFileType = sourcecode.swift; path = mdtUITests.swift; sourceTree = "<group>"; };
		669A9B612840CD5B0042C845 /* mdtUITestsLaunchTests.swift */ = {isa = PBXFileReference; lastKnownFileType = sourcecode.swift; path = mdtUITestsLaunchTests.swift; sourceTree = "<group>"; };
/* End PBXFileReference section */

/* Begin PBXFrameworksBuildPhase section */
		669A9B382840CD590042C845 /* Frameworks */ = {
			isa = PBXFrameworksBuildPhase;
			buildActionMask = 2147483647;
			files = (
			);
			runOnlyForDeploymentPostprocessing = 0;
		};
		669A9B4E2840CD5B0042C845 /* Frameworks */ = {
			isa = PBXFrameworksBuildPhase;
			buildActionMask = 2147483647;
			files = (
			);
			runOnlyForDeploymentPostprocessing = 0;
		};
		669A9B582840CD5B0042C845 /* Frameworks */ = {
			isa = PBXFrameworksBuildPhase;
			buildActionMask = 2147483647;
			files = (
			);
			runOnlyForDeploymentPostprocessing = 0;
		};
/* End PBXFrameworksBuildPhase section */

/* Begin PBXGroup section */
		669A9B322840CD590042C845 = {
			isa = PBXGroup;
			children = (
				669A9B3D2840CD590042C845 /* mdt */,
				669A9B542840CD5B0042C845 /* mdtTests */,
				669A9B5E2840CD5B0042C845 /* mdtUITests */,
				669A9B3C2840CD590042C845 /* Products */,
			);
			sourceTree = "<group>";
		};
		669A9B3C2840CD590042C845 /* Products */ = {
			isa = PBXGroup;
			children = (
				669A9B3B2840CD590042C845 /* mdt.app */,
				669A9B512840CD5B0042C845 /* mdtTests.xctest */,
				669A9B5B2840CD5B0042C845 /* mdtUITests.xctest */,
			);
			name = Products;
			sourceTree = "<group>";
		};
		669A9B3D2840CD590042C845 /* mdt */ = {
			isa = PBXGroup;
			children = (
				669A9B3E2840CD590042C845 /* AppDelegate.swift */,
				669A9B402840CD590042C845 /* SceneDelegate.swift */,
				669A9B422840CD590042C845 /* ViewController.swift */,
				669A9B442840CD590042C845 /* Main.storyboard */,
				669A9B472840CD5A0042C845 /* Assets.xcassets */,
				669A9B492840CD5A0042C845 /* LaunchScreen.storyboard */,
				669A9B4C2840CD5A0042C845 /* Info.plist */,
			);
			path = mdt;
			sourceTree = "<group>";
		};
		669A9B542840CD5B0042C845 /* mdtTests */ = {
			isa = PBXGroup;
			children = (
				669A9B552840CD5B0042C845 /* mdtTests.swift */,
			);
			path = mdtTests;
			sourceTree = "<group>";
		};
		669A9B5E2840CD5B0042C845 /* mdtUITests */ = {
			isa = PBXGroup;
			children = (
				669A9B5F2840CD5B0042C845 /* mdtUITests.swift */,
				669A9B612840CD5B0042C845 /* mdtUITestsLaunchTests.swift */,
			);
			path = mdtUITests;
			sourceTree = "<group>";
		};
/* End PBXGroup section */

/* Begin PBXNativeTarget section */
		669A9B3A2840CD590042C845 /* mdt */ = {
			isa = PBXNativeTarget;
			buildConfigurationList = 669A9B652840CD5B0042C845 /* Build configuration list for PBXNativeTarget "mdt" */;
			buildPhases = (
				669A9B372840CD590042C845 /* Sources */,
				669A9B382840CD590042C845 /* Frameworks */,
				669A9B392840CD590042C845 /* Resources */,
			);
			buildRules = (
			);
			dependencies = (
			);
			name = mdt;
			productName = mdt;
			productReference = 669A9B3B2840CD590042C845 /* mdt.app */;
			productType = "com.apple.product-type.application";
		};
		669A9B502840CD5B0042C845 /* mdtTests */ = {
			isa = PBXNativeTarget;
			buildConfigurationList = 669A9B682840CD5B0042C845 /* Build configuration list for PBXNativeTarget "mdtTests" */;
			buildPhases = (
				669A9B4D2840CD5B0042C845 /* Sources */,
				669A9B4E2840CD5B0042C845 /* Frameworks */,
				669A9B4F2840CD5B0042C845 /* Resources */,
			);
			buildRules = (
			);
			dependencies = (
				669A9B532840CD5B0042C845 /* PBXTargetDependency */,
			);
			name = mdtTests;
			productName = mdtTests;
			productReference = 669A9B512840CD5B0042C845 /* mdtTests.xctest */;
			productType = "com.apple.product-type.bundle.unit-test";
		};
		669A9B5A2840CD5B0042C845 /* mdtUITests */ = {
			isa = PBXNativeTarget;
			buildConfigurationList = 669A9B6B2840CD5B0042C845 /* Build configuration list for PBXNativeTarget "mdtUITests" */;
			buildPhases = (
				669A9B572840CD5B0042C845 /* Sources */,
				669A9B582840CD5B0042C845 /* Frameworks */,
				669A9B592840CD5B0042C845 /* Resources */,
			);
			buildRules = (
			);
			dependencies = (
				669A9B5D2840CD5B0042C845 /* PBXTargetDependency */,
			);
			name = mdtUITests;
			productName = mdtUITests;
			productReference = 669A9B5B2840CD5B0042C845 /* mdtUITests.xctest */;
			productType = "com.apple.product-type.bundle.ui-testing";
		};
/* End PBXNativeTarget section */

/* Begin PBXProject section */
		669A9B332840CD590042C845 /* Project object */ = {
			isa = PBXProject;
			attributes = {
				BuildIndependentTargetsInParallel = 1;
				LastSwiftUpdateCheck = 1320;
				LastUpgradeCheck = 1320;
				TargetAttributes = {
					669A9B3A2840CD590042C845 = {
						CreatedOnToolsVersion = 13.2.1;
					};
					669A9B502840CD5B0042C845 = {
						CreatedOnToolsVersion = 13.2.1;
						TestTargetID = 669A9B3A2840CD590042C845;
					};
					669A9B5A2840CD5B0042C845 = {
						CreatedOnToolsVersion = 13.2.1;
						TestTargetID = 669A9B3A2840CD590042C845;
					};
				};
			};
			buildConfigurationList = 669A9B362840CD590042C845 /* Build configuration list for PBXProject "mdt" */;
			compatibilityVersion = "Xcode 13.0";
			developmentRegion = en;
			hasScannedForEncodings = 0;
			knownRegions = (
				en,
				Base,
			);
			mainGroup = 669A9B322840CD590042C845;
			productRefGroup = 669A9B3C2840CD590042C845 /* Products */;
			projectDirPath = "";
			projectRoot = "";
			targets = (
				669A9B3A2840CD590042C845 /* mdt */,
				669A9B502840CD5B0042C845 /* mdtTests */,
				669A9B5A2840CD5B0042C845 /* mdtUITests */,
			);
		};
/* End PBXProject section */

/* Begin PBXResourcesBuildPhase section */
		669A9B392840CD590042C845 /* Resources */ = {
			isa = PBXResourcesBuildPhase;
			buildActionMask = 2147483647;
			files = (
				669A9B4B2840CD5A0042C845 /* LaunchScreen.storyboard in Resources */,
				669A9B482840CD5A0042C845 /* Assets.xcassets in Resources */,
				669A9B462840CD590042C845 /* Main.storyboard in Resources */,
			);
			runOnlyForDeploymentPostprocessing = 0;
		};
		669A9B4F2840CD5B0042C845 /* Resources */ = {
			isa = PBXResourcesBuildPhase;
			buildActionMask = 2147483647;
			files = (
			);
			runOnlyForDeploymentPostprocessing = 0;
		};
		669A9B592840CD5B0042C845 /* Resources */ = {
			isa = PBXResourcesBuildPhase;
			buildActionMask = 2147483647;
			files = (
			);
			runOnlyForDeploymentPostprocessing = 0;
		};
/* End PBXResourcesBuildPhase section */

/* Begin PBXSourcesBuildPhase section */
		669A9B372840CD590042C845 /* Sources */ = {
			isa = PBXSourcesBuildPhase;
			buildActionMask = 2147483647;
			files = (
				669A9B432840CD590042C845 /* ViewController.swift in Sources */,
				669A9B3F2840CD590042C845 /* AppDelegate.swift in Sources */,
				669A9B412840CD590042C845 /* SceneDelegate.swift in Sources */,
			);
			runOnlyForDeploymentPostprocessing = 0;
		};
		669A9B4D2840CD5B0042C845 /* Sources */ = {
			isa = PBXSourcesBuildPhase;
			buildActionMask = 2147483647;
			files = (
				669A9B562840CD5B0042C845 /* mdtTests.swift in Sources */,
			);
			runOnlyForDeploymentPostprocessing = 0;
		};
		669A9B572840CD5B0042C845 /* Sources */ = {
			isa = PBXSourcesBuildPhase;
			buildActionMask = 2147483647;
			files = (
				669A9B622840CD5B0042C845 /* mdtUITestsLaunchTests.swift in Sources */,
				669A9B602840CD5B0042C845 /* mdtUITests.swift in Sources */,
			);
			runOnlyForDeploymentPostprocessing = 0;
		};
/* End PBXSourcesBuildPhase section */

/* Begin PBXTargetDependency section */
		669A9B532840CD5B0042C845 /* PBXTargetDependency */ = {
			isa = PBXTargetDependency;
			target = 669A9B3A2840CD590042C845 /* mdt */;
			targetProxy = 669A9B522840CD5B0042C845 /* PBXContainerItemProxy */;
		};
		669A9B5D2840CD5B0042C845 /* PBXTargetDependency */ = {
			isa = PBXTargetDependency;
			target = 669A9B3A2840CD590042C845 /* mdt */;
			targetProxy = 669A9B5C2840CD5B0042C845 /* PBXContainerItemProxy */;
		};
/* End PBXTargetDependency section */

/* Begin PBXVariantGroup section */
		669A9B442840CD590042C845 /* Main.storyboard */ = {
			isa = PBXVariantGroup;
			children = (
				669A9B452840CD590042C845 /* Base */,
			);
			name = Main.storyboard;
			sourceTree = "<group>";
		};
		669A9B492840CD5A0042C845 /* LaunchScreen.storyboard */ = {
			isa = PBXVariantGroup;
			children = (
				669A9B4A2840CD5A0042C845 /* Base */,
			);
			name = LaunchScreen.storyboard;
			sourceTree = "<group>";
		};
/* End PBXVariantGroup section */

/* Begin XCBuildConfiguration section */
		669A9B632840CD5B0042C845 /* Debug */ = {
			isa = XCBuildConfiguration;
			buildSettings = {
				ALWAYS_SEARCH_USER_PATHS = NO;
				CLANG_ANALYZER_NONNULL = YES;
				CLANG_ANALYZER_NUMBER_OBJECT_CONVERSION = YES_AGGRESSIVE;
				CLANG_CXX_LANGUAGE_STANDARD = "gnu++17";
				CLANG_CXX_LIBRARY = "libc++";
				CLANG_ENABLE_MODULES = YES;
				CLANG_ENABLE_OBJC_ARC = YES;
				CLANG_ENABLE_OBJC_WEAK = YES;
				CLANG_WARN_BLOCK_CAPTURE_AUTORELEASING = YES;
				CLANG_WARN_BOOL_CONVERSION = YES;
				CLANG_WARN_COMMA = YES;
				CLANG_WARN_CONSTANT_CONVERSION = YES;
				CLANG_WARN_DEPRECATED_OBJC_IMPLEMENTATIONS = YES;
				CLANG_WARN_DIRECT_OBJC_ISA_USAGE = YES_ERROR;
				CLANG_WARN_DOCUMENTATION_COMMENTS = YES;
				CLANG_WARN_EMPTY_BODY = YES;
				CLANG_WARN_ENUM_CONVERSION = YES;
				CLANG_WARN_INFINITE_RECURSION = YES;
				CLANG_WARN_INT_CONVERSION = YES;
				CLANG_WARN_NON_LITERAL_NULL_CONVERSION = YES;
				CLANG_WARN_OBJC_IMPLICIT_RETAIN_SELF = YES;
				CLANG_WARN_OBJC_LITERAL_CONVERSION = YES;
				CLANG_WARN_OBJC_ROOT_CLASS = YES_ERROR;
				CLANG_WARN_QUOTED_INCLUDE_IN_FRAMEWORK_HEADER = YES;
				CLANG_WARN_RANGE_LOOP_ANALYSIS = YES;
				CLANG_WARN_STRICT_PROTOTYPES = YES;
				CLANG_WARN_SUSPICIOUS_MOVE = YES;
				CLANG_WARN_UNGUARDED_AVAILABILITY = YES_AGGRESSIVE;
				CLANG_WARN_UNREACHABLE_CODE = YES;
				CLANG_WARN__DUPLICATE_METHOD_MATCH = YES;
				COPY_PHASE_STRIP = NO;
				DEBUG_INFORMATION_FORMAT = dwarf;
				ENABLE_STRICT_OBJC_MSGSEND = YES;
				ENABLE_TESTABILITY = YES;
				GCC_C_LANGUAGE_STANDARD = gnu11;
				GCC_DYNAMIC_NO_PIC = NO;
				GCC_NO_COMMON_BLOCKS = YES;
				GCC_OPTIMIZATION_LEVEL = 0;
				GCC_PREPROCESSOR_DEFINITIONS = (
					"DEBUG=1",
					"$(inherited)",
				);
				GCC_WARN_64_TO_32_BIT_CONVERSION = YES;
				GCC_WARN_ABOUT_RETURN_TYPE = YES_ERROR;
				GCC_WARN_UNDECLARED_SELECTOR = YES;
				GCC_WARN_UNINITIALIZED_AUTOS = YES_AGGRESSIVE;
				GCC_WARN_UNUSED_FUNCTION = YES;
				GCC_WARN_UNUSED_VARIABLE = YES;
				IPHONEOS_DEPLOYMENT_TARGET = 15.2;
				MTL_ENABLE_DEBUG_INFO = INCLUDE_SOURCE;
				MTL_FAST_MATH = YES;
				ONLY_ACTIVE_ARCH = YES;
				SDKROOT = iphoneos;
				SWIFT_ACTIVE_COMPILATION_CONDITIONS = DEBUG;
				SWIFT_OPTIMIZATION_LEVEL = "-Onone";
			};
			name = Debug;
		};
		669A9B642840CD5B0042C845 /* Release */ = {
			isa = XCBuildConfiguration;
			buildSettings = {
				ALWAYS_SEARCH_USER_PATHS = NO;
				CLANG_ANALYZER_NONNULL = YES;
				CLANG_ANALYZER_NUMBER_OBJECT_CONVERSION = YES_AGGRESSIVE;
				CLANG_CXX_LANGUAGE_STANDARD = "gnu++17";
				CLANG_CXX_LIBRARY = "libc++";
				CLANG_ENABLE_MODULES = YES;
				CLANG_ENABLE_OBJC_ARC = YES;
				CLANG_ENABLE_OBJC_WEAK = YES;
				CLANG_WARN_BLOCK_CAPTURE_AUTORELEASING = YES;
				CLANG_WARN_BOOL_CONVERSION = YES;
				CLANG_WARN_COMMA = YES;
				CLANG_WARN_CONSTANT_CONVERSION = YES;
				CLANG_WARN_DEPRECATED_OBJC_IMPLEMENTATIONS = YES;
				CLANG_WARN_DIRECT_OBJC_ISA_USAGE = YES_ERROR;
				CLANG_WARN_DOCUMENTATION_COMMENTS = YES;
				CLANG_WARN_EMPTY_BODY = YES;
				CLANG_WARN_ENUM_CONVERSION = YES;
				CLANG_WARN_INFINITE_RECURSION = YES;
				CLANG_WARN_INT_CONVERSION = YES;
				CLANG_WARN_NON_LITERAL_NULL_CONVERSION = YES;
				CLANG_WARN_OBJC_IMPLICIT_RETAIN_SELF = YES;
				CLANG_WARN_OBJC_LITERAL_CONVERSION = YES;
				CLANG_WARN_OBJC_ROOT_CLASS = YES_ERROR;
				CLANG_WARN_QUOTED_INCLUDE_IN_FRAMEWORK_HEADER = YES;
				CLANG_WARN_RANGE_LOOP_ANALYSIS = YES;
				CLANG_WARN_STRICT_PROTOTYPES = YES;
				CLANG_WARN_SUSPICIOUS_MOVE = YES;
				CLANG_WARN_UNGUARDED_AVAILABILITY = YES_AGGRESSIVE;
				CLANG_WARN_UNREACHABLE_CODE = YES;
				CLANG_WARN__DUPLICATE_METHOD_MATCH = YES;
				COPY_PHASE_STRIP = NO;
				DEBUG_INFORMATION_FORMAT = "dwarf-with-dsym";
				ENABLE_NS_ASSERTIONS = NO;
				ENABLE_STRICT_OBJC_MSGSEND = YES;
				GCC_C_LANGUAGE_STANDARD = gnu11;
				GCC_NO_COMMON_BLOCKS = YES;
				GCC_WARN_64_TO_32_BIT_CONVERSION = YES;
				GCC_WARN_ABOUT_RETURN_TYPE = YES_ERROR;
				GCC_WARN_UNDECLARED_SELECTOR = YES;
				GCC_WARN_UNINITIALIZED_AUTOS = YES_AGGRESSIVE;
				GCC_WARN_UNUSED_FUNCTION = YES;
				GCC_WARN_UNUSED_VARIABLE = YES;
				IPHONEOS_DEPLOYMENT_TARGET = 15.2;
				MTL_ENABLE_DEBUG_INFO = NO;
				MTL_FAST_MATH = YES;
				SDKROOT = iphoneos;
				SWIFT_COMPILATION_MODE = wholemodule;
				SWIFT_OPTIMIZATION_LEVEL = "-O";
				VALIDATE_PRODUCT = YES;
			};
			name = Release;
		};
		669A9B662840CD5B0042C845 /* Debug */ = {
			isa = XCBuildConfiguration;
			buildSettings = {
				ASSETCATALOG_COMPILER_APPICON_NAME = AppIcon;
				ASSETCATALOG_COMPILER_GLOBAL_ACCENT_COLOR_NAME = AccentColor;
				CODE_SIGN_STYLE = Automatic;
				CURRENT_PROJECT_VERSION = 1;
				GENERATE_INFOPLIST_FILE = YES;
				INFOPLIST_FILE = mdt/Info.plist;
				INFOPLIST_KEY_UIApplicationSupportsIndirectInputEvents = YES;
				INFOPLIST_KEY_UILaunchStoryboardName = LaunchScreen;
				INFOPLIST_KEY_UIMainStoryboardFile = Main;
				INFOPLIST_KEY_UISupportedInterfaceOrientations_iPad = "UIInterfaceOrientationPortrait UIInterfaceOrientationPortraitUpsideDown UIInterfaceOrientationLandscapeLeft UIInterfaceOrientationLandscapeRight";
				INFOPLIST_KEY_UISupportedInterfaceOrientations_iPhone = "UIInterfaceOrientationPortrait UIInterfaceOrientationLandscapeLeft UIInterfaceOrientationLandscapeRight";
				LD_RUNPATH_SEARCH_PATHS = (
					"$(inherited)",
					"@executable_path/Frameworks",
				);
				MARKETING_VERSION = 1.0;
				PRODUCT_BUNDLE_IDENTIFIER = nando.mdt;
				PRODUCT_NAME = "$(TARGET_NAME)";
				SWIFT_EMIT_LOC_STRINGS = YES;
				SWIFT_VERSION = 5.0;
				TARGETED_DEVICE_FAMILY = "1,2";
			};
			name = Debug;
		};
		669A9B672840CD5B0042C845 /* Release */ = {
			isa = XCBuildConfiguration;
			buildSettings = {
				ASSETCATALOG_COMPILER_APPICON_NAME = AppIcon;
				ASSETCATALOG_COMPILER_GLOBAL_ACCENT_COLOR_NAME = AccentColor;
				CODE_SIGN_STYLE = Automatic;
				CURRENT_PROJECT_VERSION = 1;
				GENERATE_INFOPLIST_FILE = YES;
				INFOPLIST_FILE = mdt/Info.plist;
				INFOPLIST_KEY_UIApplicationSupportsIndirectInputEvents = YES;
				INFOPLIST_KEY_UILaunchStoryboardName = LaunchScreen;
				INFOPLIST_KEY_UIMainStoryboardFile = Main;
				INFOPLIST_KEY_UISupportedInterfaceOrientations_iPad = "UIInterfaceOrientationPortrait UIInterfaceOrientationPortraitUpsideDown UIInterfaceOrientationLandscapeLeft UIInterfaceOrientationLandscapeRight";
				INFOPLIST_KEY_UISupportedInterfaceOrientations_iPhone = "UIInterfaceOrientationPortrait UIInterfaceOrientationLandscapeLeft UIInterfaceOrientationLandscapeRight";
				LD_RUNPATH_SEARCH_PATHS = (
					"$(inherited)",
					"@executable_path/Frameworks",
				);
				MARKETING_VERSION = 1.0;
				PRODUCT_BUNDLE_IDENTIFIER = nando.mdt;
				PRODUCT_NAME = "$(TARGET_NAME)";
				SWIFT_EMIT_LOC_STRINGS = YES;
				SWIFT_VERSION = 5.0;
				TARGETED_DEVICE_FAMILY = "1,2";
			};
			name = Release;
		};
		669A9B692840CD5B0042C845 /* Debug */ = {
			isa = XCBuildConfiguration;
			buildSettings = {
				ALWAYS_EMBED_SWIFT_STANDARD_LIBRARIES = YES;
				BUNDLE_LOADER = "$(TEST_HOST)";
				CODE_SIGN_STYLE = Automatic;
				CURRENT_PROJECT_VERSION = 1;
				GENERATE_INFOPLIST_FILE = YES;
				IPHONEOS_DEPLOYMENT_TARGET = 15.2;
				MARKETING_VERSION = 1.0;
				PRODUCT_BUNDLE_IDENTIFIER = nando.mdtTests;
				PRODUCT_NAME = "$(TARGET_NAME)";
				SWIFT_EMIT_LOC_STRINGS = NO;
				SWIFT_VERSION = 5.0;
				TARGETED_DEVICE_FAMILY = "1,2";
				TEST_HOST = "$(BUILT_PRODUCTS_DIR)/mdt.app/mdt";
			};
			name = Debug;
		};
		669A9B6A2840CD5B0042C845 /* Release */ = {
			isa = XCBuildConfiguration;
			buildSettings = {
				ALWAYS_EMBED_SWIFT_STANDARD_LIBRARIES = YES;
				BUNDLE_LOADER = "$(TEST_HOST)";
				CODE_SIGN_STYLE = Automatic;
				CURRENT_PROJECT_VERSION = 1;
				GENERATE_INFOPLIST_FILE = YES;
				IPHONEOS_DEPLOYMENT_TARGET = 15.2;
				MARKETING_VERSION = 1.0;
				PRODUCT_BUNDLE_IDENTIFIER = nando.mdtTests;
				PRODUCT_NAME = "$(TARGET_NAME)";
				SWIFT_EMIT_LOC_STRINGS = NO;
				SWIFT_VERSION = 5.0;
				TARGETED_DEVICE_FAMILY = "1,2";
				TEST_HOST = "$(BUILT_PRODUCTS_DIR)/mdt.app/mdt";
			};
			name = Release;
		};
		669A9B6C2840CD5B0042C845 /* Debug */ = {
			isa = XCBuildConfiguration;
			buildSettings = {
				ALWAYS_EMBED_SWIFT_STANDARD_LIBRARIES = YES;
				CODE_SIGN_STYLE = Automatic;
				CURRENT_PROJECT_VERSION = 1;
				GENERATE_INFOPLIST_FILE = YES;
				MARKETING_VERSION = 1.0;
				PRODUCT_BUNDLE_IDENTIFIER = nando.mdtUITests;
				PRODUCT_NAME = "$(TARGET_NAME)";
				SWIFT_EMIT_LOC_STRINGS = NO;
				SWIFT_VERSION = 5.0;
				TARGETED_DEVICE_FAMILY = "1,2";
				TEST_TARGET_NAME = mdt;
			};
			name = Debug;
		};
		669A9B6D2840CD5B0042C845 /* Release */ = {
			isa = XCBuildConfiguration;
			buildSettings = {
				ALWAYS_EMBED_SWIFT_STANDARD_LIBRARIES = YES;
				CODE_SIGN_STYLE = Automatic;
				CURRENT_PROJECT_VERSION = 1;
				GENERATE_INFOPLIST_FILE = YES;
				MARKETING_VERSION = 1.0;
				PRODUCT_BUNDLE_IDENTIFIER = nando.mdtUITests;
				PRODUCT_NAME = "$(TARGET_NAME)";
				SWIFT_EMIT_LOC_STRINGS = NO;
				SWIFT_VERSION = 5.0;
				TARGETED_DEVICE_FAMILY = "1,2";
				TEST_TARGET_NAME = mdt;
			};
			name = Release;
		};
/* End XCBuildConfiguration section */

/* Begin XCConfigurationList section */
		669A9B362840CD590042C845 /* Build configuration list for PBXProject "mdt" */ = {
			isa = XCConfigurationList;
			buildConfigurations = (
				669A9B632840CD5B0042C845 /* Debug */,
				669A9B642840CD5B0042C845 /* Release */,
			);
			defaultConfigurationIsVisible = 0;
			defaultConfigurationName = Release;
		};
		669A9B652840CD5B0042C845 /* Build configuration list for PBXNativeTarget "mdt" */ = {
			isa = XCConfigurationList;
			buildConfigurations = (
				669A9B662840CD5B0042C845 /* Debug */,
				669A9B672840CD5B0042C845 /* Release */,
			);
			defaultConfigurationIsVisible = 0;
			defaultConfigurationName = Release;
		};
		669A9B682840CD5B0042C845 /* Build configuration list for PBXNativeTarget "mdtTests" */ = {
			isa = XCConfigurationList;
			buildConfigurations = (
				669A9B692840CD5B0042C845 /* Debug */,
				669A9B6A2840CD5B0042C845 /* Release */,
			);
			defaultConfigurationIsVisible = 0;
			defaultConfigurationName = Release;
		};
		669A9B6B2840CD5B0042C845 /* Build configuration list for PBXNativeTarget "mdtUITests" */ = {
			isa = XCConfigurationList;
			buildConfigurations = (
				669A9B6C2840CD5B0042C845 /* Debug */,
				669A9B6D2840CD5B0042C845 /* Release */,
			);
			defaultConfigurationIsVisible = 0;
			defaultConfigurationName = Release;
		};
/* End XCConfigurationList section */
	};
	rootObject = 669A9B332840CD590042C845 /* Project object */;
}
